
Microsoft Visual Studio Solution File, Format Version 12.00
# Visual Studio Version 17
VisualStudioVersion = 17.4.33213.308
MinimumVisualStudioVersion = 10.0.40219.1
Project("{FAE04EC0-301F-11D3-BF4B-00C04F79EFBC}") = "WebApplication1", "WebApplication1\WebApplication1.csproj", "{C94FB9A9-1522-4656-8FB7-EC3374F206F7}"
EndProject
Global
	GlobalSection(SolutionConfigurationPlatforms) = preSolution
		Debug|Any CPU = Debug|Any CPU
		Release|Any CPU = Release|Any CPU
	EndGlobalSection
	GlobalSection(ProjectConfigurationPlatforms) = postSolution
		{C94FB9A9-1522-4656-8FB7-EC3374F206F7}.Debug|Any CPU.ActiveCfg = Debug|Any CPU
		{C94FB9A9-1522-4656-8FB7-EC3374F206F7}.Debug|Any CPU.Build.0 = Debug|Any CPU
		{C94FB9A9-1522-4656-8FB7-EC3374F206F7}.Release|Any CPU.ActiveCfg = Release|Any CPU
		{C94FB9A9-1522-4656-8FB7-EC3374F206F7}.Release|Any CPU.Build.0 = Release|Any CPU
	EndGlobalSection
	GlobalSection(SolutionProperties) = preSolution
		HideSolutionNode = FALSE
	EndGlobalSection
	GlobalSection(ExtensibilityGlobals) = postSolution
		SolutionGuid = {F2871D0A-487E-4841-BF27-D48C14772E4B}
	EndGlobalSection
EndGlobal
